# Quartus Prime Pro Edition 26.1 project settings for the walkthrough 04 netlist.
# Same device/family as the tools/hal_agilex fixtures, so the export lands in
# the primitive set AGILEX_TENNM.hgl models.

set_global_assignment -name FAMILY "Agilex 3"
set_global_assignment -name DEVICE A3CW135BM16AE6S
set_global_assignment -name TOP_LEVEL_ENTITY pwm_generator
set_global_assignment -name VERILOG_FILE ../design.v
set_global_assignment -name PROJECT_OUTPUT_DIRECTORY output_files
